
Microsoft Visual Studio Solution File, Format Version 12.00
# Visual Studio 15
VisualStudioVersion = 15.0.28010.2036
MinimumVisualStudioVersion = 10.0.40219.1
Project("{FAE04EC0-301F-11D3-BF4B-00C04F79EFBC}") = "Factory DP", "Factory DP\Factory DP.csproj", "{FDCA1305-9AF7-4609-9EB7-4EAF226BA662}"
EndProject
Global
	GlobalSection(SolutionConfigurationPlatforms) = preSolution
		Debug|Any CPU = Debug|Any CPU
		Release|Any CPU = Release|Any CPU
	EndGlobalSection
	GlobalSection(ProjectConfigurationPlatforms) = postSolution
		{FDCA1305-9AF7-4609-9EB7-4EAF226BA662}.Debug|Any CPU.ActiveCfg = Debug|Any CPU
		{FDCA1305-9AF7-4609-9EB7-4EAF226BA662}.Debug|Any CPU.Build.0 = Debug|Any CPU
		{FDCA1305-9AF7-4609-9EB7-4EAF226BA662}.Release|Any CPU.ActiveCfg = Release|Any CPU
		{FDCA1305-9AF7-4609-9EB7-4EAF226BA662}.Release|Any CPU.Build.0 = Release|Any CPU
	EndGlobalSection
	GlobalSection(SolutionProperties) = preSolution
		HideSolutionNode = FALSE
	EndGlobalSection
	GlobalSection(ExtensibilityGlobals) = postSolution
		SolutionGuid = {33C907B2-AA83-47A1-A5E3-729593EACB56}
	EndGlobalSection
EndGlobal
